# This file is automatically @generated by Poetry 1.4.0 and should not be changed by hand.

[[package]]
name = "mailer"
version = "0.8.1"
description = "A module to send email simply in Python"
category = "main"
optional = false
python-versions = "*"
files = [
    {file = "mailer-0.8.1.zip", hash = "sha256:3411a12197731e0d5379ab194d9acc8d0d71c8b95fdfb11474d67c3e9860070e"},
]

[metadata]
lock-version = "2.0"
python-versions = "^3.9"
content-hash = "794fe9c22c0f2b66699fbf814e6b8dc6f8720ed668b278f1c64a158fd613ceba"
